
Microsoft Visual Studio Solution File, Format Version 12.00
# Visual Studio Version 18
VisualStudioVersion = 18.1.11312.151 d18.0
MinimumVisualStudioVersion = 10.0.40219.1
Project("{FAE04EC0-301F-11D3-BF4B-00C04F79EFBC}") = "Asistencia", "Asistencia\Asistencia.csproj", "{8D68CECA-FB04-4CE4-ACC7-4EAE8EB8C4D8}"
EndProject
Global
	GlobalSection(SolutionConfigurationPlatforms) = preSolution
		Debug|Any CPU = Debug|Any CPU
		Debug|x64 = Debug|x64
		Release|Any CPU = Release|Any CPU
		Release|x64 = Release|x64
	EndGlobalSection
	GlobalSection(ProjectConfigurationPlatforms) = postSolution
		{8D68CECA-FB04-4CE4-ACC7-4EAE8EB8C4D8}.Debug|Any CPU.ActiveCfg = Debug|Any CPU
		{8D68CECA-FB04-4CE4-ACC7-4EAE8EB8C4D8}.Debug|Any CPU.Build.0 = Debug|Any CPU
		{8D68CECA-FB04-4CE4-ACC7-4EAE8EB8C4D8}.Debug|x64.ActiveCfg = Release|x64
		{8D68CECA-FB04-4CE4-ACC7-4EAE8EB8C4D8}.Release|Any CPU.ActiveCfg = Release|Any CPU
		{8D68CECA-FB04-4CE4-ACC7-4EAE8EB8C4D8}.Release|Any CPU.Build.0 = Release|Any CPU
		{8D68CECA-FB04-4CE4-ACC7-4EAE8EB8C4D8}.Release|x64.ActiveCfg = Release|x64
		{8D68CECA-FB04-4CE4-ACC7-4EAE8EB8C4D8}.Release|x64.Build.0 = Release|x64
	EndGlobalSection
	GlobalSection(SolutionProperties) = preSolution
		HideSolutionNode = FALSE
	EndGlobalSection
	GlobalSection(ExtensibilityGlobals) = postSolution
		SolutionGuid = {6A4516E3-9CF3-47D9-B8A3-23377B411CA5}
	EndGlobalSection
EndGlobal
